
Microsoft Visual Studio Solution File, Format Version 12.00
# Visual Studio Version 17
VisualStudioVersion = 17.5.33516.290
MinimumVisualStudioVersion = 10.0.40219.1
Project("{FAE04EC0-301F-11D3-BF4B-00C04F79EFBC}") = "HW_3", "HW_3\HW_3.csproj", "{DD8C079E-2B72-4795-BEF6-2A9908A2FA3E}"
EndProject
Project("{FAE04EC0-301F-11D3-BF4B-00C04F79EFBC}") = "HW_3_Console", "HW_3_Console\HW_3_Console.csproj", "{94E62088-6587-4980-B847-09F68A43F66A}"
EndProject
Global
	GlobalSection(SolutionConfigurationPlatforms) = preSolution
		Debug|Any CPU = Debug|Any CPU
		Release|Any CPU = Release|Any CPU
	EndGlobalSection
	GlobalSection(ProjectConfigurationPlatforms) = postSolution
		{DD8C079E-2B72-4795-BEF6-2A9908A2FA3E}.Debug|Any CPU.ActiveCfg = Debug|Any CPU
		{DD8C079E-2B72-4795-BEF6-2A9908A2FA3E}.Debug|Any CPU.Build.0 = Debug|Any CPU
		{DD8C079E-2B72-4795-BEF6-2A9908A2FA3E}.Release|Any CPU.ActiveCfg = Release|Any CPU
		{DD8C079E-2B72-4795-BEF6-2A9908A2FA3E}.Release|Any CPU.Build.0 = Release|Any CPU
		{94E62088-6587-4980-B847-09F68A43F66A}.Debug|Any CPU.ActiveCfg = Debug|Any CPU
		{94E62088-6587-4980-B847-09F68A43F66A}.Debug|Any CPU.Build.0 = Debug|Any CPU
		{94E62088-6587-4980-B847-09F68A43F66A}.Release|Any CPU.ActiveCfg = Release|Any CPU
		{94E62088-6587-4980-B847-09F68A43F66A}.Release|Any CPU.Build.0 = Release|Any CPU
	EndGlobalSection
	GlobalSection(SolutionProperties) = preSolution
		HideSolutionNode = FALSE
	EndGlobalSection
	GlobalSection(ExtensibilityGlobals) = postSolution
		SolutionGuid = {B244022D-76EC-413B-BCCB-EA176313248C}
	EndGlobalSection
EndGlobal
